{
	"name": "macroforge",
	"version": "0.1.30",
	"lockfileVersion": 3,
	"requires": true,
	"packages": {
		"": {
			"name": "macroforge",
			"version": "0.1.30",
			"license": "MIT",
			"dependencies": {
				"@rydshift/mirror": "^0.1.3"
			},
			"engines": {
				"node": ">= 18"
			},
			"optionalDependencies": {
				"@macroforge/bin-darwin-arm64": "0.1.30",
				"@macroforge/bin-darwin-x64": "0.1.30",
				"@macroforge/bin-linux-arm64-gnu": "0.1.30",
				"@macroforge/bin-linux-x64-gnu": "0.1.30",
				"@macroforge/bin-win32-arm64-msvc": "0.1.30",
				"@macroforge/bin-win32-x64-msvc": "0.1.30"
			}
		},
		"node_modules/@macroforge/bin-darwin-arm64": {
			"version": "0.1.30",
			"resolved": "https://registry.npmjs.org/@macroforge/bin-darwin-arm64/-/bin-darwin-arm64-0.1.30.tgz",
			"integrity": "sha512-a+uwAPiD9P93t9ImJ30CUyH6/K+gcG3ALiJdqtr4L3gicMaXuZQ7uz7Pk4FoZh3gCsgBtlDnQIP1rRYOYWC9mw==",
			"cpu": [
				"arm64"
			],
			"license": "MIT",
			"optional": true,
			"os": [
				"darwin"
			],
			"engines": {
				"node": ">= 18"
			}
		},
		"node_modules/@macroforge/bin-darwin-x64": {
			"version": "0.1.30",
			"resolved": "https://registry.npmjs.org/@macroforge/bin-darwin-x64/-/bin-darwin-x64-0.1.30.tgz",
			"integrity": "sha512-fIhau042yVYV7lh2/GJj+5142qRUa6qb4otYR/c9H29Ttmk2gFo1Gis50nTkCYhqC60FZfzmTzEGJ6ghFVnYFg==",
			"cpu": [
				"x64"
			],
			"license": "MIT",
			"optional": true,
			"os": [
				"darwin"
			],
			"engines": {
				"node": ">= 18"
			}
		},
		"node_modules/@macroforge/bin-linux-arm64-gnu": {
			"version": "0.1.30",
			"resolved": "https://registry.npmjs.org/@macroforge/bin-linux-arm64-gnu/-/bin-linux-arm64-gnu-0.1.30.tgz",
			"integrity": "sha512-Axv/gwh0InivlfWN54hPDLSf3WRS3u0qXWuf28FQBSG3SXUYCbPUqcGiudrLm9XOIgwfFfblZNkwgpzNu1XcGQ==",
			"cpu": [
				"arm64"
			],
			"license": "MIT",
			"optional": true,
			"os": [
				"linux"
			],
			"engines": {
				"node": ">= 18"
			}
		},
		"node_modules/@macroforge/bin-linux-x64-gnu": {
			"version": "0.1.30",
			"resolved": "https://registry.npmjs.org/@macroforge/bin-linux-x64-gnu/-/bin-linux-x64-gnu-0.1.30.tgz",
			"integrity": "sha512-Nl4Q4QnYqlZBVi4NrB/ZKKUEPiI3TkP5iJagzxn7Ac+wPOilwq2DIj93ERzVF74LwgrOJJg5tlXDk/0EntpR/A==",
			"cpu": [
				"x64"
			],
			"license": "MIT",
			"optional": true,
			"os": [
				"linux"
			],
			"engines": {
				"node": ">= 18"
			}
		},
		"node_modules/@macroforge/bin-win32-arm64-msvc": {
			"version": "0.1.30",
			"resolved": "https://registry.npmjs.org/@macroforge/bin-win32-arm64-msvc/-/bin-win32-arm64-msvc-0.1.30.tgz",
			"integrity": "sha512-F6sLqBTXs/tBsLhCyY/6FtB4f9Pythn4og7364LbA7BnotbBXrg9IrV9AsaGh0AwfCHdaEaHJ/t+lsuK2MEdew==",
			"cpu": [
				"arm64"
			],
			"license": "MIT",
			"optional": true,
			"os": [
				"win32"
			],
			"engines": {
				"node": ">= 18"
			}
		},
		"node_modules/@macroforge/bin-win32-x64-msvc": {
			"version": "0.1.30",
			"resolved": "https://registry.npmjs.org/@macroforge/bin-win32-x64-msvc/-/bin-win32-x64-msvc-0.1.30.tgz",
			"integrity": "sha512-5jJxO10RNb3hXy6Lg7w6LVwiLyN0k57CXm5CxCH3iL/zFhbBennF1wwzOG3W6puTbnJNhJ1TosRwLnDHgW0z8w==",
			"cpu": [
				"x64"
			],
			"license": "MIT",
			"optional": true,
			"os": [
				"win32"
			],
			"engines": {
				"node": ">= 18"
			}
		},
		"node_modules/@rydshift/mirror": {
			"version": "0.1.3",
			"resolved": "https://registry.npmjs.org/@rydshift/mirror/-/mirror-0.1.3.tgz",
			"integrity": "sha512-UdxgmbySNi/97KZn2ydg6q/XdtEnE+JNf4qwENcoCiIdOfaZsJe/yaEMBroP+Ix1X22wgsQNEKiv9cQ/dXe2wA==",
			"license": "ISC"
		}
	}
}
