{
  "name": "macroforge",
  "version": "0.1.12",
  "lockfileVersion": 3,
  "requires": true,
  "packages": {
    "": {
      "name": "macroforge",
      "version": "0.1.12",
      "license": "MIT",
      "dependencies": {
        "@rydshift/mirror": "^0.1.2"
      },
      "engines": {
        "node": ">= 18"
      },
      "optionalDependencies": {
        "@macroforge/bin-darwin-arm64": "0.1.12",
        "@macroforge/bin-darwin-x64": "0.1.12",
        "@macroforge/bin-linux-arm64-gnu": "0.1.12",
        "@macroforge/bin-linux-x64-gnu": "0.1.12",
        "@macroforge/bin-win32-arm64-msvc": "0.1.12",
        "@macroforge/bin-win32-x64-msvc": "0.1.12"
      }
    },
    "node_modules/@macroforge/bin-darwin-arm64": {
      "version": "0.1.12",
      "resolved": "https://registry.npmjs.org/@macroforge/bin-darwin-arm64/-/bin-darwin-arm64-0.1.12.tgz",
      "integrity": "sha512-c22pPCJfmbl6wmV+RrhpulGwwOSXu1So6k0Pn5cdpRgTEVzJzGQima4Had0Js4AKmMP2OYSX8+swW7OMAv0UjA==",
      "cpu": [
        "arm64"
      ],
      "license": "MIT",
      "optional": true,
      "os": [
        "darwin"
      ],
      "engines": {
        "node": ">= 18"
      }
    },
    "node_modules/@macroforge/bin-darwin-x64": {
      "version": "0.1.12",
      "resolved": "https://registry.npmjs.org/@macroforge/bin-darwin-x64/-/bin-darwin-x64-0.1.12.tgz",
      "integrity": "sha512-sF0RY6RzmfLO0srw8AFdZ3OM00Rf8O31M2R6sz2lbHgvsMZGgt1rev8kBKvFgcEzPgOk9bh8SYtCfrRqFn6luA==",
      "cpu": [
        "x64"
      ],
      "license": "MIT",
      "optional": true,
      "os": [
        "darwin"
      ],
      "engines": {
        "node": ">= 18"
      }
    },
    "node_modules/@macroforge/bin-linux-arm64-gnu": {
      "version": "0.1.12",
      "resolved": "https://registry.npmjs.org/@macroforge/bin-linux-arm64-gnu/-/bin-linux-arm64-gnu-0.1.12.tgz",
      "integrity": "sha512-PPEYKAKjNoVYDo4cjd0MAyWmZ1kh2HIbDyz3bPvEjRKqAzhvSgVRpoQeohT/h6RPJHrd/rNyO6jl8+MtS2DCDQ==",
      "cpu": [
        "arm64"
      ],
      "license": "MIT",
      "optional": true,
      "os": [
        "linux"
      ],
      "engines": {
        "node": ">= 18"
      }
    },
    "node_modules/@macroforge/bin-linux-x64-gnu": {
      "version": "0.1.12",
      "resolved": "https://registry.npmjs.org/@macroforge/bin-linux-x64-gnu/-/bin-linux-x64-gnu-0.1.12.tgz",
      "integrity": "sha512-c/S5A4Ly9Vfil0B+IR9DWrERz6q8sqYkXwLD2uiJHQvV35l36p/f8H7Al6s2SdXDiSFHwbNK15V4tidYwNcIwA==",
      "cpu": [
        "x64"
      ],
      "license": "MIT",
      "optional": true,
      "os": [
        "linux"
      ],
      "engines": {
        "node": ">= 18"
      }
    },
    "node_modules/@macroforge/bin-win32-arm64-msvc": {
      "version": "0.1.12",
      "resolved": "https://registry.npmjs.org/@macroforge/bin-win32-arm64-msvc/-/bin-win32-arm64-msvc-0.1.12.tgz",
      "integrity": "sha512-kt8gWluz+n8UXp3Q9sRqzVLTnUsDADollqrvGZ141IsFXsZNftc1gaINgI4U2q2ODCr5uexQNVnZrIZM0OBNkg==",
      "cpu": [
        "arm64"
      ],
      "license": "MIT",
      "optional": true,
      "os": [
        "win32"
      ],
      "engines": {
        "node": ">= 18"
      }
    },
    "node_modules/@macroforge/bin-win32-x64-msvc": {
      "version": "0.1.12",
      "resolved": "https://registry.npmjs.org/@macroforge/bin-win32-x64-msvc/-/bin-win32-x64-msvc-0.1.12.tgz",
      "integrity": "sha512-7ivnt+PmjffHtoxMQPPRxv1nm68Kmz9a7BfFauFLqaBMIuK1n8WhM4bNNrVcmw3bGDsYJJlNIl01NwQXqxi3pw==",
      "cpu": [
        "x64"
      ],
      "license": "MIT",
      "optional": true,
      "os": [
        "win32"
      ],
      "engines": {
        "node": ">= 18"
      }
    },
    "node_modules/@rydshift/mirror": {
      "version": "0.1.2",
      "resolved": "https://registry.npmjs.org/@rydshift/mirror/-/mirror-0.1.2.tgz",
      "integrity": "sha512-qhMF8HWRk7gRRgvlqHIbWX6AHip8bOKRDtlE/9F/0ny39pjq4+cnFgznZu7bHZpw8Qhns84IX8VVWxrI2Yskrg==",
      "license": "ISC"
    }
  }
}
