{
  "name": "macroforge",
  "version": "0.1.9",
  "lockfileVersion": 3,
  "requires": true,
  "packages": {
    "": {
      "name": "macroforge",
      "version": "0.1.9",
      "license": "MIT",
      "dependencies": {
        "@rydshift/mirror": "^0.1.1"
      },
      "engines": {
        "node": ">= 18"
      },
      "optionalDependencies": {
        "@macroforge/bin-darwin-arm64": "0.1.9",
        "@macroforge/bin-darwin-x64": "0.1.9",
        "@macroforge/bin-linux-arm64-gnu": "0.1.9",
        "@macroforge/bin-linux-x64-gnu": "0.1.9",
        "@macroforge/bin-win32-arm64-msvc": "0.1.9",
        "@macroforge/bin-win32-x64-msvc": "0.1.9"
      }
    },
    "node_modules/@macroforge/bin-darwin-arm64": {
      "version": "0.1.9",
      "resolved": "https://registry.npmjs.org/@macroforge/bin-darwin-arm64/-/bin-darwin-arm64-0.1.9.tgz",
      "integrity": "sha512-SSdn5gQ32b2HR06L5wjXRIv+SvVGi+wblIeT7//b8a3WG6Em2xGMJmmGEhP/Sy9sm5YyFVl4yjNb3s57Ewclsw==",
      "cpu": [
        "arm64"
      ],
      "license": "MIT",
      "optional": true,
      "os": [
        "darwin"
      ],
      "engines": {
        "node": ">= 18"
      }
    },
    "node_modules/@macroforge/bin-darwin-x64": {
      "version": "0.1.9",
      "resolved": "https://registry.npmjs.org/@macroforge/bin-darwin-x64/-/bin-darwin-x64-0.1.9.tgz",
      "integrity": "sha512-Bomd/n8CNPKZMCgXORNSr279xJpqdfRfHrHyjQIcCgIkpEUXIT57tU1dY4zyZLgE+Bo8EBnCTNSvi2zNTeW6Qg==",
      "cpu": [
        "x64"
      ],
      "license": "MIT",
      "optional": true,
      "os": [
        "darwin"
      ],
      "engines": {
        "node": ">= 18"
      }
    },
    "node_modules/@macroforge/bin-linux-arm64-gnu": {
      "version": "0.1.9",
      "resolved": "https://registry.npmjs.org/@macroforge/bin-linux-arm64-gnu/-/bin-linux-arm64-gnu-0.1.9.tgz",
      "integrity": "sha512-udzh9imh2B2FTd6hsdmvu7oYwTNaRgWHClSH2SwMCmuwijWN8i58W5f6so2mrQj73l7+HjpfAd3FQgNkwW07OQ==",
      "cpu": [
        "arm64"
      ],
      "license": "MIT",
      "optional": true,
      "os": [
        "linux"
      ],
      "engines": {
        "node": ">= 18"
      }
    },
    "node_modules/@macroforge/bin-linux-x64-gnu": {
      "version": "0.1.9",
      "resolved": "https://registry.npmjs.org/@macroforge/bin-linux-x64-gnu/-/bin-linux-x64-gnu-0.1.9.tgz",
      "integrity": "sha512-bGY1zLcQTyKQGPAKHWE49TC6FojP821dmQV952LwrDtxTF3xl7KXHpGTF8kz7SUWLbKIJ++8rKXUc9EHl8J3cQ==",
      "cpu": [
        "x64"
      ],
      "license": "MIT",
      "optional": true,
      "os": [
        "linux"
      ],
      "engines": {
        "node": ">= 18"
      }
    },
    "node_modules/@macroforge/bin-win32-arm64-msvc": {
      "version": "0.1.9",
      "resolved": "https://registry.npmjs.org/@macroforge/bin-win32-arm64-msvc/-/bin-win32-arm64-msvc-0.1.9.tgz",
      "integrity": "sha512-vbCYdsAWXqFGuxE1+M+Mppd+p94TflhM7mS7hq2fsl6H9giFdmiKF8rQ9KWftb3J9mjQBURjU5gm1Hj/kouTTg==",
      "cpu": [
        "arm64"
      ],
      "license": "MIT",
      "optional": true,
      "os": [
        "win32"
      ],
      "engines": {
        "node": ">= 18"
      }
    },
    "node_modules/@macroforge/bin-win32-x64-msvc": {
      "version": "0.1.9",
      "resolved": "https://registry.npmjs.org/@macroforge/bin-win32-x64-msvc/-/bin-win32-x64-msvc-0.1.9.tgz",
      "integrity": "sha512-tDH5YREwKx5d8QW9L6RlHmHJmYKdjJp36HEzCp1/3+dwYUNk6TuMKLt+c+xQmHoG36ouGMbAyQ7oPx622ioWTA==",
      "cpu": [
        "x64"
      ],
      "license": "MIT",
      "optional": true,
      "os": [
        "win32"
      ],
      "engines": {
        "node": ">= 18"
      }
    },
    "node_modules/@rydshift/mirror": {
      "version": "0.1.1",
      "resolved": "https://registry.npmjs.org/@rydshift/mirror/-/mirror-0.1.1.tgz",
      "integrity": "sha512-allq37vVKbyojYnbkNC9v9zt4flRyrzlVRPytvRE5co/Wd/b4jfuso7m0/KEEVxM111UDJcS+rmgrclK5bM2MA==",
      "license": "ISC"
    }
  }
}
