{
	"name": "@playground/macro",
	"version": "0.0.1",
	"lockfileVersion": 3,
	"requires": true,
	"packages": {
		"": {
			"name": "@playground/macro",
			"version": "0.0.1",
			"dependencies": {
				"macroforge": "file:../../crates/macroforge_ts"
			},
			"engines": {
				"node": ">= 18"
			}
		},
		"../../crates/macroforge_ts": {
			"name": "macroforge",
			"version": "0.1.30",
			"license": "MIT",
			"dependencies": {
				"@rydshift/mirror": "^0.1.2"
			},
			"engines": {
				"node": ">= 18"
			},
			"optionalDependencies": {
				"@macroforge/bin-darwin-arm64": "0.1.30",
				"@macroforge/bin-darwin-x64": "0.1.30",
				"@macroforge/bin-linux-arm64-gnu": "0.1.30",
				"@macroforge/bin-linux-x64-gnu": "0.1.30",
				"@macroforge/bin-win32-arm64-msvc": "0.1.30",
				"@macroforge/bin-win32-x64-msvc": "0.1.30"
			}
		},
		"node_modules/macroforge": {
			"resolved": "../../crates/macroforge_ts",
			"link": true
		}
	}
}
