{
  "name": "e2e-test-project",
  "version": "1.0.0",
  "lockfileVersion": 3,
  "requires": true,
  "packages": {
    "": {
      "name": "e2e-test-project",
      "version": "1.0.0",
      "dependencies": {
        "@macroforge/macros": "file:../../../../packages/macros",
        "@macroforge/swc-napi": "file:../../../../crates/swc-napi-macros",
        "@macroforge/ts-derive-plugin": "file:../../../../packages/ts-derive-plugin"
      },
      "devDependencies": {
        "typescript": "^5.0.0"
      }
    },
    "../../../../crates/swc-napi-macros": {
      "name": "@macroforge/swc-napi",
      "version": "0.0.1",
      "engines": {
        "node": ">= 18"
      }
    },
    "../../../../packages/macros": {
      "name": "@macroforge/macros",
      "version": "0.0.1"
    },
    "../../../../packages/ts-derive-plugin": {
      "name": "@macroforge/ts-derive-plugin",
      "version": "0.0.1",
      "dependencies": {
        "@macroforge/swc-napi": "file:../../crates/swc-napi-macros"
      },
      "devDependencies": {
        "typescript": "^5.9.3"
      },
      "peerDependencies": {
        "typescript": ">=5.0.0"
      }
    },
    "node_modules/@macroforge/macros": {
      "resolved": "../../../../packages/macros",
      "link": true
    },
    "node_modules/@macroforge/swc-napi": {
      "resolved": "../../../../crates/swc-napi-macros",
      "link": true
    },
    "node_modules/@macroforge/ts-derive-plugin": {
      "resolved": "../../../../packages/ts-derive-plugin",
      "link": true
    },
    "node_modules/typescript": {
      "version": "5.9.3",
      "resolved": "https://registry.npmjs.org/typescript/-/typescript-5.9.3.tgz",
      "integrity": "sha512-jl1vZzPDinLr9eUt3J/t7V6FgNEw9QjvBPdysz9KfQDD41fQrC2Y4vKQdiaUpFT4bXlb1RHhLpp8wtm6M5TgSw==",
      "dev": true,
      "license": "Apache-2.0",
      "bin": {
        "tsc": "bin/tsc",
        "tsserver": "bin/tsserver"
      },
      "engines": {
        "node": ">=14.17"
      }
    }
  }
}
